// !$*UTF8*$!
{
	archiveVersion = 1;
	classes = {
	};
	objectVersion = 46;
	objects = {

/* Begin PBXBuildFile section */
		FF0C48951A82FA4D00EF4399 /* usuario.sqlite in Resources */ = {isa = PBXBuildFile; fileRef = FF0C48941A82FA4D00EF4399 /* usuario.sqlite */; };
		FF0C48961A82FA4D00EF4399 /* usuario.sqlite in Resources */ = {isa = PBXBuildFile; fileRef = FF0C48941A82FA4D00EF4399 /* usuario.sqlite */; };
		FF0C48991A82FB2F00EF4399 /* segundoViewController.m in Sources */ = {isa = PBXBuildFile; fileRef = FF0C48981A82FB2F00EF4399 /* segundoViewController.m */; };
		FF0C489A1A82FB2F00EF4399 /* segundoViewController.m in Sources */ = {isa = PBXBuildFile; fileRef = FF0C48981A82FB2F00EF4399 /* segundoViewController.m */; };
		FF26C5DD1A8431AC00E42462 /* UsuarioDAO.m in Sources */ = {isa = PBXBuildFile; fileRef = FF26C5DC1A8431AC00E42462 /* UsuarioDAO.m */; };
		FF26C5E01A8431C900E42462 /* Usuario.m in Sources */ = {isa = PBXBuildFile; fileRef = FF26C5DF1A8431C900E42462 /* Usuario.m */; };
		FF26C5E31A84410C00E42462 /* showViewController.m in Sources */ = {isa = PBXBuildFile; fileRef = FF26C5E21A84410C00E42462 /* showViewController.m */; };
		FF26C61B1A846B3300E42462 /* myCell.m in Sources */ = {isa = PBXBuildFile; fileRef = FF26C61A1A846B3300E42462 /* myCell.m */; };
		FFA03C331A82E48E0068635C /* main.m in Sources */ = {isa = PBXBuildFile; fileRef = FFA03C321A82E48E0068635C /* main.m */; };
		FFA03C361A82E48E0068635C /* AppDelegate.m in Sources */ = {isa = PBXBuildFile; fileRef = FFA03C351A82E48E0068635C /* AppDelegate.m */; };
		FFA03C391A82E48E0068635C /* Home.m in Sources */ = {isa = PBXBuildFile; fileRef = FFA03C381A82E48E0068635C /* Home.m */; };
		FFA03C3C1A82E48E0068635C /* Main.storyboard in Resources */ = {isa = PBXBuildFile; fileRef = FFA03C3A1A82E48E0068635C /* Main.storyboard */; };
		FFA03C3E1A82E48E0068635C /* Images.xcassets in Resources */ = {isa = PBXBuildFile; fileRef = FFA03C3D1A82E48E0068635C /* Images.xcassets */; };
		FFA03C411A82E48E0068635C /* LaunchScreen.xib in Resources */ = {isa = PBXBuildFile; fileRef = FFA03C3F1A82E48E0068635C /* LaunchScreen.xib */; };
		FFA03C4D1A82E48E0068635C /* Lab03Tests.m in Sources */ = {isa = PBXBuildFile; fileRef = FFA03C4C1A82E48E0068635C /* Lab03Tests.m */; };
		FFA03C571A82E4AC0068635C /* libsqlite3.dylib in Frameworks */ = {isa = PBXBuildFile; fileRef = FFA03C561A82E4AC0068635C /* libsqlite3.dylib */; };
/* End PBXBuildFile section */

/* Begin PBXContainerItemProxy section */
		FFA03C471A82E48E0068635C /* PBXContainerItemProxy */ = {
			isa = PBXContainerItemProxy;
			containerPortal = FFA03C251A82E48E0068635C /* Project object */;
			proxyType = 1;
			remoteGlobalIDString = FFA03C2C1A82E48E0068635C;
			remoteInfo = Lab03;
		};
/* End PBXContainerItemProxy section */

/* Begin PBXFileReference section */
		FF0C48941A82FA4D00EF4399 /* usuario.sqlite */ = {isa = PBXFileReference; lastKnownFileType = file; path = usuario.sqlite; sourceTree = "<group>"; };
		FF0C48971A82FB2F00EF4399 /* segundoViewController.h */ = {isa = PBXFileReference; fileEncoding = 4; lastKnownFileType = sourcecode.c.h; path = segundoViewController.h; sourceTree = "<group>"; };
		FF0C48981A82FB2F00EF4399 /* segundoViewController.m */ = {isa = PBXFileReference; fileEncoding = 4; lastKnownFileType = sourcecode.c.objc; path = segundoViewController.m; sourceTree = "<group>"; };
		FF26C5DB1A8431AC00E42462 /* UsuarioDAO.h */ = {isa = PBXFileReference; fileEncoding = 4; lastKnownFileType = sourcecode.c.h; path = UsuarioDAO.h; sourceTree = "<group>"; };
		FF26C5DC1A8431AC00E42462 /* UsuarioDAO.m */ = {isa = PBXFileReference; fileEncoding = 4; lastKnownFileType = sourcecode.c.objc; path = UsuarioDAO.m; sourceTree = "<group>"; };
		FF26C5DE1A8431C900E42462 /* Usuario.h */ = {isa = PBXFileReference; fileEncoding = 4; lastKnownFileType = sourcecode.c.h; path = Usuario.h; sourceTree = "<group>"; };
		FF26C5DF1A8431C900E42462 /* Usuario.m */ = {isa = PBXFileReference; fileEncoding = 4; lastKnownFileType = sourcecode.c.objc; path = Usuario.m; sourceTree = "<group>"; };
		FF26C5E11A84410C00E42462 /* showViewController.h */ = {isa = PBXFileReference; fileEncoding = 4; lastKnownFileType = sourcecode.c.h; path = showViewController.h; sourceTree = "<group>"; };
		FF26C5E21A84410C00E42462 /* showViewController.m */ = {isa = PBXFileReference; fileEncoding = 4; lastKnownFileType = sourcecode.c.objc; path = showViewController.m; sourceTree = "<group>"; };
		FF26C6191A846B3300E42462 /* myCell.h */ = {isa = PBXFileReference; fileEncoding = 4; lastKnownFileType = sourcecode.c.h; path = myCell.h; sourceTree = "<group>"; };
		FF26C61A1A846B3300E42462 /* myCell.m */ = {isa = PBXFileReference; fileEncoding = 4; lastKnownFileType = sourcecode.c.objc; path = myCell.m; sourceTree = "<group>"; };
		FFA03C2D1A82E48E0068635C /* Lab03.app */ = {isa = PBXFileReference; explicitFileType = wrapper.application; includeInIndex = 0; path = Lab03.app; sourceTree = BUILT_PRODUCTS_DIR; };
		FFA03C311A82E48E0068635C /* Info.plist */ = {isa = PBXFileReference; lastKnownFileType = text.plist.xml; path = Info.plist; sourceTree = "<group>"; };
		FFA03C321A82E48E0068635C /* main.m */ = {isa = PBXFileReference; lastKnownFileType = sourcecode.c.objc; path = main.m; sourceTree = "<group>"; };
		FFA03C341A82E48E0068635C /* AppDelegate.h */ = {isa = PBXFileReference; lastKnownFileType = sourcecode.c.h; path = AppDelegate.h; sourceTree = "<group>"; };
		FFA03C351A82E48E0068635C /* AppDelegate.m */ = {isa = PBXFileReference; lastKnownFileType = sourcecode.c.objc; path = AppDelegate.m; sourceTree = "<group>"; };
		FFA03C371A82E48E0068635C /* Home.h */ = {isa = PBXFileReference; lastKnownFileType = sourcecode.c.h; path = Home.h; sourceTree = "<group>"; };
		FFA03C381A82E48E0068635C /* Home.m */ = {isa = PBXFileReference; lastKnownFileType = sourcecode.c.objc; path = Home.m; sourceTree = "<group>"; };
		FFA03C3B1A82E48E0068635C /* Base */ = {isa = PBXFileReference; lastKnownFileType = file.storyboard; name = Base; path = Base.lproj/Main.storyboard; sourceTree = "<group>"; };
		FFA03C3D1A82E48E0068635C /* Images.xcassets */ = {isa = PBXFileReference; lastKnownFileType = folder.assetcatalog; path = Images.xcassets; sourceTree = "<group>"; };
		FFA03C401A82E48E0068635C /* Base */ = {isa = PBXFileReference; lastKnownFileType = file.xib; name = Base; path = Base.lproj/LaunchScreen.xib; sourceTree = "<group>"; };
		FFA03C461A82E48E0068635C /* Lab03Tests.xctest */ = {isa = PBXFileReference; explicitFileType = wrapper.cfbundle; includeInIndex = 0; path = Lab03Tests.xctest; sourceTree = BUILT_PRODUCTS_DIR; };
		FFA03C4B1A82E48E0068635C /* Info.plist */ = {isa = PBXFileReference; lastKnownFileType = text.plist.xml; path = Info.plist; sourceTree = "<group>"; };
		FFA03C4C1A82E48E0068635C /* Lab03Tests.m */ = {isa = PBXFileReference; lastKnownFileType = sourcecode.c.objc; path = Lab03Tests.m; sourceTree = "<group>"; };
		FFA03C561A82E4AC0068635C /* libsqlite3.dylib */ = {isa = PBXFileReference; lastKnownFileType = "compiled.mach-o.dylib"; name = libsqlite3.dylib; path = usr/lib/libsqlite3.dylib; sourceTree = SDKROOT; };
/* End PBXFileReference section */

/* Begin PBXFrameworksBuildPhase section */
		FFA03C2A1A82E48E0068635C /* Frameworks */ = {
			isa = PBXFrameworksBuildPhase;
			buildActionMask = 2147483647;
			files = (
				FFA03C571A82E4AC0068635C /* libsqlite3.dylib in Frameworks */,
			);
			runOnlyForDeploymentPostprocessing = 0;
		};
		FFA03C431A82E48E0068635C /* Frameworks */ = {
			isa = PBXFrameworksBuildPhase;
			buildActionMask = 2147483647;
			files = (
			);
			runOnlyForDeploymentPostprocessing = 0;
		};
/* End PBXFrameworksBuildPhase section */

/* Begin PBXGroup section */
		FFA03C241A82E48E0068635C = {
			isa = PBXGroup;
			children = (
				FF26C6191A846B3300E42462 /* myCell.h */,
				FF26C61A1A846B3300E42462 /* myCell.m */,
				FF26C5DE1A8431C900E42462 /* Usuario.h */,
				FF26C5DF1A8431C900E42462 /* Usuario.m */,
				FF26C5DB1A8431AC00E42462 /* UsuarioDAO.h */,
				FF26C5DC1A8431AC00E42462 /* UsuarioDAO.m */,
				FFA03C561A82E4AC0068635C /* libsqlite3.dylib */,
				FFA03C2F1A82E48E0068635C /* Lab03 */,
				FFA03C491A82E48E0068635C /* Lab03Tests */,
				FFA03C2E1A82E48E0068635C /* Products */,
			);
			sourceTree = "<group>";
		};
		FFA03C2E1A82E48E0068635C /* Products */ = {
			isa = PBXGroup;
			children = (
				FFA03C2D1A82E48E0068635C /* Lab03.app */,
				FFA03C461A82E48E0068635C /* Lab03Tests.xctest */,
			);
			name = Products;
			sourceTree = "<group>";
		};
		FFA03C2F1A82E48E0068635C /* Lab03 */ = {
			isa = PBXGroup;
			children = (
				FFA03C341A82E48E0068635C /* AppDelegate.h */,
				FFA03C351A82E48E0068635C /* AppDelegate.m */,
				FFA03C371A82E48E0068635C /* Home.h */,
				FFA03C381A82E48E0068635C /* Home.m */,
				FFA03C3A1A82E48E0068635C /* Main.storyboard */,
				FFA03C3D1A82E48E0068635C /* Images.xcassets */,
				FFA03C3F1A82E48E0068635C /* LaunchScreen.xib */,
				FFA03C301A82E48E0068635C /* Supporting Files */,
				FF0C48971A82FB2F00EF4399 /* segundoViewController.h */,
				FF0C48981A82FB2F00EF4399 /* segundoViewController.m */,
				FF26C5E11A84410C00E42462 /* showViewController.h */,
				FF26C5E21A84410C00E42462 /* showViewController.m */,
			);
			path = Lab03;
			sourceTree = "<group>";
		};
		FFA03C301A82E48E0068635C /* Supporting Files */ = {
			isa = PBXGroup;
			children = (
				FF0C48941A82FA4D00EF4399 /* usuario.sqlite */,
				FFA03C311A82E48E0068635C /* Info.plist */,
				FFA03C321A82E48E0068635C /* main.m */,
			);
			name = "Supporting Files";
			sourceTree = "<group>";
		};
		FFA03C491A82E48E0068635C /* Lab03Tests */ = {
			isa = PBXGroup;
			children = (
				FFA03C4C1A82E48E0068635C /* Lab03Tests.m */,
				FFA03C4A1A82E48E0068635C /* Supporting Files */,
			);
			path = Lab03Tests;
			sourceTree = "<group>";
		};
		FFA03C4A1A82E48E0068635C /* Supporting Files */ = {
			isa = PBXGroup;
			children = (
				FFA03C4B1A82E48E0068635C /* Info.plist */,
			);
			name = "Supporting Files";
			sourceTree = "<group>";
		};
/* End PBXGroup section */

/* Begin PBXNativeTarget section */
		FFA03C2C1A82E48E0068635C /* Lab03 */ = {
			isa = PBXNativeTarget;
			buildConfigurationList = FFA03C501A82E48E0068635C /* Build configuration list for PBXNativeTarget "Lab03" */;
			buildPhases = (
				FFA03C291A82E48E0068635C /* Sources */,
				FFA03C2A1A82E48E0068635C /* Frameworks */,
				FFA03C2B1A82E48E0068635C /* Resources */,
			);
			buildRules = (
			);
			dependencies = (
			);
			name = Lab03;
			productName = Lab03;
			productReference = FFA03C2D1A82E48E0068635C /* Lab03.app */;
			productType = "com.apple.product-type.application";
		};
		FFA03C451A82E48E0068635C /* Lab03Tests */ = {
			isa = PBXNativeTarget;
			buildConfigurationList = FFA03C531A82E48E0068635C /* Build configuration list for PBXNativeTarget "Lab03Tests" */;
			buildPhases = (
				FFA03C421A82E48E0068635C /* Sources */,
				FFA03C431A82E48E0068635C /* Frameworks */,
				FFA03C441A82E48E0068635C /* Resources */,
			);
			buildRules = (
			);
			dependencies = (
				FFA03C481A82E48E0068635C /* PBXTargetDependency */,
			);
			name = Lab03Tests;
			productName = Lab03Tests;
			productReference = FFA03C461A82E48E0068635C /* Lab03Tests.xctest */;
			productType = "com.apple.product-type.bundle.unit-test";
		};
/* End PBXNativeTarget section */

/* Begin PBXProject section */
		FFA03C251A82E48E0068635C /* Project object */ = {
			isa = PBXProject;
			attributes = {
				LastUpgradeCheck = 0610;
				ORGANIZATIONNAME = felipe;
				TargetAttributes = {
					FFA03C2C1A82E48E0068635C = {
						CreatedOnToolsVersion = 6.1.1;
					};
					FFA03C451A82E48E0068635C = {
						CreatedOnToolsVersion = 6.1.1;
						TestTargetID = FFA03C2C1A82E48E0068635C;
					};
				};
			};
			buildConfigurationList = FFA03C281A82E48E0068635C /* Build configuration list for PBXProject "Lab03" */;
			compatibilityVersion = "Xcode 3.2";
			developmentRegion = English;
			hasScannedForEncodings = 0;
			knownRegions = (
				en,
				Base,
			);
			mainGroup = FFA03C241A82E48E0068635C;
			productRefGroup = FFA03C2E1A82E48E0068635C /* Products */;
			projectDirPath = "";
			projectRoot = "";
			targets = (
				FFA03C2C1A82E48E0068635C /* Lab03 */,
				FFA03C451A82E48E0068635C /* Lab03Tests */,
			);
		};
/* End PBXProject section */

/* Begin PBXResourcesBuildPhase section */
		FFA03C2B1A82E48E0068635C /* Resources */ = {
			isa = PBXResourcesBuildPhase;
			buildActionMask = 2147483647;
			files = (
				FFA03C3C1A82E48E0068635C /* Main.storyboard in Resources */,
				FFA03C411A82E48E0068635C /* LaunchScreen.xib in Resources */,
				FF0C48951A82FA4D00EF4399 /* usuario.sqlite in Resources */,
				FFA03C3E1A82E48E0068635C /* Images.xcassets in Resources */,
			);
			runOnlyForDeploymentPostprocessing = 0;
		};
		FFA03C441A82E48E0068635C /* Resources */ = {
			isa = PBXResourcesBuildPhase;
			buildActionMask = 2147483647;
			files = (
				FF0C48961A82FA4D00EF4399 /* usuario.sqlite in Resources */,
			);
			runOnlyForDeploymentPostprocessing = 0;
		};
/* End PBXResourcesBuildPhase section */

/* Begin PBXSourcesBuildPhase section */
		FFA03C291A82E48E0068635C /* Sources */ = {
			isa = PBXSourcesBuildPhase;
			buildActionMask = 2147483647;
			files = (
				FF0C48991A82FB2F00EF4399 /* segundoViewController.m in Sources */,
				FF26C61B1A846B3300E42462 /* myCell.m in Sources */,
				FFA03C391A82E48E0068635C /* Home.m in Sources */,
				FFA03C361A82E48E0068635C /* AppDelegate.m in Sources */,
				FF26C5DD1A8431AC00E42462 /* UsuarioDAO.m in Sources */,
				FF26C5E31A84410C00E42462 /* showViewController.m in Sources */,
				FF26C5E01A8431C900E42462 /* Usuario.m in Sources */,
				FFA03C331A82E48E0068635C /* main.m in Sources */,
			);
			runOnlyForDeploymentPostprocessing = 0;
		};
		FFA03C421A82E48E0068635C /* Sources */ = {
			isa = PBXSourcesBuildPhase;
			buildActionMask = 2147483647;
			files = (
				FF0C489A1A82FB2F00EF4399 /* segundoViewController.m in Sources */,
				FFA03C4D1A82E48E0068635C /* Lab03Tests.m in Sources */,
			);
			runOnlyForDeploymentPostprocessing = 0;
		};
/* End PBXSourcesBuildPhase section */

/* Begin PBXTargetDependency section */
		FFA03C481A82E48E0068635C /* PBXTargetDependency */ = {
			isa = PBXTargetDependency;
			target = FFA03C2C1A82E48E0068635C /* Lab03 */;
			targetProxy = FFA03C471A82E48E0068635C /* PBXContainerItemProxy */;
		};
/* End PBXTargetDependency section */

/* Begin PBXVariantGroup section */
		FFA03C3A1A82E48E0068635C /* Main.storyboard */ = {
			isa = PBXVariantGroup;
			children = (
				FFA03C3B1A82E48E0068635C /* Base */,
			);
			name = Main.storyboard;
			sourceTree = "<group>";
		};
		FFA03C3F1A82E48E0068635C /* LaunchScreen.xib */ = {
			isa = PBXVariantGroup;
			children = (
				FFA03C401A82E48E0068635C /* Base */,
			);
			name = LaunchScreen.xib;
			sourceTree = "<group>";
		};
/* End PBXVariantGroup section */

/* Begin XCBuildConfiguration section */
		FFA03C4E1A82E48E0068635C /* Debug */ = {
			isa = XCBuildConfiguration;
			buildSettings = {
				ALWAYS_SEARCH_USER_PATHS = NO;
				CLANG_CXX_LANGUAGE_STANDARD = "gnu++0x";
				CLANG_CXX_LIBRARY = "libc++";
				CLANG_ENABLE_MODULES = YES;
				CLANG_ENABLE_OBJC_ARC = YES;
				CLANG_WARN_BOOL_CONVERSION = YES;
				CLANG_WARN_CONSTANT_CONVERSION = YES;
				CLANG_WARN_DIRECT_OBJC_ISA_USAGE = YES_ERROR;
				CLANG_WARN_EMPTY_BODY = YES;
				CLANG_WARN_ENUM_CONVERSION = YES;
				CLANG_WARN_INT_CONVERSION = YES;
				CLANG_WARN_OBJC_ROOT_CLASS = YES_ERROR;
				CLANG_WARN_UNREACHABLE_CODE = YES;
				CLANG_WARN__DUPLICATE_METHOD_MATCH = YES;
				"CODE_SIGN_IDENTITY[sdk=iphoneos*]" = "iPhone Developer";
				COPY_PHASE_STRIP = NO;
				ENABLE_STRICT_OBJC_MSGSEND = YES;
				GCC_C_LANGUAGE_STANDARD = gnu99;
				GCC_DYNAMIC_NO_PIC = NO;
				GCC_OPTIMIZATION_LEVEL = 0;
				GCC_PREPROCESSOR_DEFINITIONS = (
					"DEBUG=1",
					"$(inherited)",
				);
				GCC_SYMBOLS_PRIVATE_EXTERN = NO;
				GCC_WARN_64_TO_32_BIT_CONVERSION = YES;
				GCC_WARN_ABOUT_RETURN_TYPE = YES_ERROR;
				GCC_WARN_UNDECLARED_SELECTOR = YES;
				GCC_WARN_UNINITIALIZED_AUTOS = YES_AGGRESSIVE;
				GCC_WARN_UNUSED_FUNCTION = YES;
				GCC_WARN_UNUSED_VARIABLE = YES;
				IPHONEOS_DEPLOYMENT_TARGET = 8.1;
				MTL_ENABLE_DEBUG_INFO = YES;
				ONLY_ACTIVE_ARCH = YES;
				SDKROOT = iphoneos;
			};
			name = Debug;
		};
		FFA03C4F1A82E48E0068635C /* Release */ = {
			isa = XCBuildConfiguration;
			buildSettings = {
				ALWAYS_SEARCH_USER_PATHS = NO;
				CLANG_CXX_LANGUAGE_STANDARD = "gnu++0x";
				CLANG_CXX_LIBRARY = "libc++";
				CLANG_ENABLE_MODULES = YES;
				CLANG_ENABLE_OBJC_ARC = YES;
				CLANG_WARN_BOOL_CONVERSION = YES;
				CLANG_WARN_CONSTANT_CONVERSION = YES;
				CLANG_WARN_DIRECT_OBJC_ISA_USAGE = YES_ERROR;
				CLANG_WARN_EMPTY_BODY = YES;
				CLANG_WARN_ENUM_CONVERSION = YES;
				CLANG_WARN_INT_CONVERSION = YES;
				CLANG_WARN_OBJC_ROOT_CLASS = YES_ERROR;
				CLANG_WARN_UNREACHABLE_CODE = YES;
				CLANG_WARN__DUPLICATE_METHOD_MATCH = YES;
				"CODE_SIGN_IDENTITY[sdk=iphoneos*]" = "iPhone Developer";
				COPY_PHASE_STRIP = YES;
				ENABLE_NS_ASSERTIONS = NO;
				ENABLE_STRICT_OBJC_MSGSEND = YES;
				GCC_C_LANGUAGE_STANDARD = gnu99;
				GCC_WARN_64_TO_32_BIT_CONVERSION = YES;
				GCC_WARN_ABOUT_RETURN_TYPE = YES_ERROR;
				GCC_WARN_UNDECLARED_SELECTOR = YES;
				GCC_WARN_UNINITIALIZED_AUTOS = YES_AGGRESSIVE;
				GCC_WARN_UNUSED_FUNCTION = YES;
				GCC_WARN_UNUSED_VARIABLE = YES;
				IPHONEOS_DEPLOYMENT_TARGET = 8.1;
				MTL_ENABLE_DEBUG_INFO = NO;
				SDKROOT = iphoneos;
				VALIDATE_PRODUCT = YES;
			};
			name = Release;
		};
		FFA03C511A82E48E0068635C /* Debug */ = {
			isa = XCBuildConfiguration;
			buildSettings = {
				ASSETCATALOG_COMPILER_APPICON_NAME = AppIcon;
				INFOPLIST_FILE = Lab03/Info.plist;
				LD_RUNPATH_SEARCH_PATHS = "$(inherited) @executable_path/Frameworks";
				PRODUCT_NAME = "$(TARGET_NAME)";
			};
			name = Debug;
		};
		FFA03C521A82E48E0068635C /* Release */ = {
			isa = XCBuildConfiguration;
			buildSettings = {
				ASSETCATALOG_COMPILER_APPICON_NAME = AppIcon;
				INFOPLIST_FILE = Lab03/Info.plist;
				LD_RUNPATH_SEARCH_PATHS = "$(inherited) @executable_path/Frameworks";
				PRODUCT_NAME = "$(TARGET_NAME)";
			};
			name = Release;
		};
		FFA03C541A82E48E0068635C /* Debug */ = {
			isa = XCBuildConfiguration;
			buildSettings = {
				BUNDLE_LOADER = "$(TEST_HOST)";
				FRAMEWORK_SEARCH_PATHS = (
					"$(SDKROOT)/Developer/Library/Frameworks",
					"$(inherited)",
				);
				GCC_PREPROCESSOR_DEFINITIONS = (
					"DEBUG=1",
					"$(inherited)",
				);
				INFOPLIST_FILE = Lab03Tests/Info.plist;
				LD_RUNPATH_SEARCH_PATHS = "$(inherited) @executable_path/Frameworks @loader_path/Frameworks";
				PRODUCT_NAME = "$(TARGET_NAME)";
				TEST_HOST = "$(BUILT_PRODUCTS_DIR)/Lab03.app/Lab03";
			};
			name = Debug;
		};
		FFA03C551A82E48E0068635C /* Release */ = {
			isa = XCBuildConfiguration;
			buildSettings = {
				BUNDLE_LOADER = "$(TEST_HOST)";
				FRAMEWORK_SEARCH_PATHS = (
					"$(SDKROOT)/Developer/Library/Frameworks",
					"$(inherited)",
				);
				INFOPLIST_FILE = Lab03Tests/Info.plist;
				LD_RUNPATH_SEARCH_PATHS = "$(inherited) @executable_path/Frameworks @loader_path/Frameworks";
				PRODUCT_NAME = "$(TARGET_NAME)";
				TEST_HOST = "$(BUILT_PRODUCTS_DIR)/Lab03.app/Lab03";
			};
			name = Release;
		};
/* End XCBuildConfiguration section */

/* Begin XCConfigurationList section */
		FFA03C281A82E48E0068635C /* Build configuration list for PBXProject "Lab03" */ = {
			isa = XCConfigurationList;
			buildConfigurations = (
				FFA03C4E1A82E48E0068635C /* Debug */,
				FFA03C4F1A82E48E0068635C /* Release */,
			);
			defaultConfigurationIsVisible = 0;
			defaultConfigurationName = Release;
		};
		FFA03C501A82E48E0068635C /* Build configuration list for PBXNativeTarget "Lab03" */ = {
			isa = XCConfigurationList;
			buildConfigurations = (
				FFA03C511A82E48E0068635C /* Debug */,
				FFA03C521A82E48E0068635C /* Release */,
			);
			defaultConfigurationIsVisible = 0;
			defaultConfigurationName = Release;
		};
		FFA03C531A82E48E0068635C /* Build configuration list for PBXNativeTarget "Lab03Tests" */ = {
			isa = XCConfigurationList;
			buildConfigurations = (
				FFA03C541A82E48E0068635C /* Debug */,
				FFA03C551A82E48E0068635C /* Release */,
			);
			defaultConfigurationIsVisible = 0;
			defaultConfigurationName = Release;
		};
/* End XCConfigurationList section */
	};
	rootObject = FFA03C251A82E48E0068635C /* Project object */;
}
